{
  "name": "three-dxf-sample",
  "version": "1.0.0",
  "lockfileVersion": 1,
  "requires": true,
  "dependencies": {
    "dxf-parser": {
      "version": "0.5.1",
      "resolved": "https://registry.npmjs.org/dxf-parser/-/dxf-parser-0.5.1.tgz",
      "integrity": "sha1-qz96syg6l8/PzO0JYpcxNV2qTWQ=",
      "requires": {
        "loglevel": "1.6.1"
      }
    },
    "jquery": {
      "version": "3.3.1",
      "resolved": "https://registry.npmjs.org/jquery/-/jquery-3.3.1.tgz",
      "integrity": "sha512-Ubldcmxp5np52/ENotGxlLe6aGMvmF4R8S6tZjsP6Knsaxd/xp3Zrh50cG93lR6nPXyUFwzN3ZSOQI0wRJNdGg=="
    },
    "loglevel": {
      "version": "1.6.1",
      "resolved": "https://registry.npmjs.org/loglevel/-/loglevel-1.6.1.tgz",
      "integrity": "sha1-4PyVEztu8nbNyIh82vJKpvFW+Po="
    }
  }
}
